// !$*UTF8*$!
{
	archiveVersion = 1;
	classes = {
	};
	objectVersion = 50;
	objects = {

/* Begin PBXBuildFile section */
		FE2E05832532163500652167 /* type.swift in Sources */ = {isa = PBXBuildFile; fileRef = FE2E05822532163500652167 /* type.swift */; };
		FE2E05852532167300652167 /* ExpandBottom.swift in Sources */ = {isa = PBXBuildFile; fileRef = FE2E05842532167300652167 /* ExpandBottom.swift */; };
		FE2E05872532168F00652167 /* ExpandView.swift in Sources */ = {isa = PBXBuildFile; fileRef = FE2E05862532168F00652167 /* ExpandView.swift */; };
		FE2E0589253216AF00652167 /* bottomView.swift in Sources */ = {isa = PBXBuildFile; fileRef = FE2E0588253216AF00652167 /* bottomView.swift */; };
		FE2E058B253216CB00652167 /* middleView.swift in Sources */ = {isa = PBXBuildFile; fileRef = FE2E058A253216CB00652167 /* middleView.swift */; };
		FE2E058D253216E600652167 /* Home.swift in Sources */ = {isa = PBXBuildFile; fileRef = FE2E058C253216E600652167 /* Home.swift */; };
		FE9E2287253215D000F887AA /* AppDelegate.swift in Sources */ = {isa = PBXBuildFile; fileRef = FE9E2286253215D000F887AA /* AppDelegate.swift */; };
		FE9E2289253215D000F887AA /* SceneDelegate.swift in Sources */ = {isa = PBXBuildFile; fileRef = FE9E2288253215D000F887AA /* SceneDelegate.swift */; };
		FE9E228B253215D000F887AA /* ContentView.swift in Sources */ = {isa = PBXBuildFile; fileRef = FE9E228A253215D000F887AA /* ContentView.swift */; };
		FE9E228D253215D100F887AA /* Assets.xcassets in Resources */ = {isa = PBXBuildFile; fileRef = FE9E228C253215D100F887AA /* Assets.xcassets */; };
		FE9E2290253215D100F887AA /* Preview Assets.xcassets in Resources */ = {isa = PBXBuildFile; fileRef = FE9E228F253215D100F887AA /* Preview Assets.xcassets */; };
		FE9E2293253215D100F887AA /* LaunchScreen.storyboard in Resources */ = {isa = PBXBuildFile; fileRef = FE9E2291253215D100F887AA /* LaunchScreen.storyboard */; };
/* End PBXBuildFile section */

/* Begin PBXFileReference section */
		FE2E05822532163500652167 /* type.swift */ = {isa = PBXFileReference; lastKnownFileType = sourcecode.swift; path = type.swift; sourceTree = "<group>"; };
		FE2E05842532167300652167 /* ExpandBottom.swift */ = {isa = PBXFileReference; lastKnownFileType = sourcecode.swift; path = ExpandBottom.swift; sourceTree = "<group>"; };
		FE2E05862532168F00652167 /* ExpandView.swift */ = {isa = PBXFileReference; lastKnownFileType = sourcecode.swift; path = ExpandView.swift; sourceTree = "<group>"; };
		FE2E0588253216AF00652167 /* bottomView.swift */ = {isa = PBXFileReference; lastKnownFileType = sourcecode.swift; path = bottomView.swift; sourceTree = "<group>"; };
		FE2E058A253216CB00652167 /* middleView.swift */ = {isa = PBXFileReference; lastKnownFileType = sourcecode.swift; path = middleView.swift; sourceTree = "<group>"; };
		FE2E058C253216E600652167 /* Home.swift */ = {isa = PBXFileReference; lastKnownFileType = sourcecode.swift; path = Home.swift; sourceTree = "<group>"; };
		FE9E2283253215D000F887AA /* GameStoreSwiftUI.app */ = {isa = PBXFileReference; explicitFileType = wrapper.application; includeInIndex = 0; path = GameStoreSwiftUI.app; sourceTree = BUILT_PRODUCTS_DIR; };
		FE9E2286253215D000F887AA /* AppDelegate.swift */ = {isa = PBXFileReference; lastKnownFileType = sourcecode.swift; path = AppDelegate.swift; sourceTree = "<group>"; };
		FE9E2288253215D000F887AA /* SceneDelegate.swift */ = {isa = PBXFileReference; lastKnownFileType = sourcecode.swift; path = SceneDelegate.swift; sourceTree = "<group>"; };
		FE9E228A253215D000F887AA /* ContentView.swift */ = {isa = PBXFileReference; lastKnownFileType = sourcecode.swift; path = ContentView.swift; sourceTree = "<group>"; };
		FE9E228C253215D100F887AA /* Assets.xcassets */ = {isa = PBXFileReference; lastKnownFileType = folder.assetcatalog; path = Assets.xcassets; sourceTree = "<group>"; };
		FE9E228F253215D100F887AA /* Preview Assets.xcassets */ = {isa = PBXFileReference; lastKnownFileType = folder.assetcatalog; path = "Preview Assets.xcassets"; sourceTree = "<group>"; };
		FE9E2292253215D100F887AA /* Base */ = {isa = PBXFileReference; lastKnownFileType = file.storyboard; name = Base; path = Base.lproj/LaunchScreen.storyboard; sourceTree = "<group>"; };
		FE9E2294253215D100F887AA /* Info.plist */ = {isa = PBXFileReference; lastKnownFileType = text.plist.xml; path = Info.plist; sourceTree = "<group>"; };
/* End PBXFileReference section */

/* Begin PBXFrameworksBuildPhase section */
		FE9E2280253215D000F887AA /* Frameworks */ = {
			isa = PBXFrameworksBuildPhase;
			buildActionMask = 2147483647;
			files = (
			);
			runOnlyForDeploymentPostprocessing = 0;
		};
/* End PBXFrameworksBuildPhase section */

/* Begin PBXGroup section */
		FE9E227A253215D000F887AA = {
			isa = PBXGroup;
			children = (
				FE9E2285253215D000F887AA /* GameStoreSwiftUI */,
				FE9E2284253215D000F887AA /* Products */,
			);
			sourceTree = "<group>";
		};
		FE9E2284253215D000F887AA /* Products */ = {
			isa = PBXGroup;
			children = (
				FE9E2283253215D000F887AA /* GameStoreSwiftUI.app */,
			);
			name = Products;
			sourceTree = "<group>";
		};
		FE9E2285253215D000F887AA /* GameStoreSwiftUI */ = {
			isa = PBXGroup;
			children = (
				FE9E229C253215E000F887AA /* Application */,
				FE9E229B253215DB00F887AA /* Models */,
				FE9E229A253215D800F887AA /* Views */,
				FE9E228C253215D100F887AA /* Assets.xcassets */,
				FE9E228E253215D100F887AA /* Preview Content */,
			);
			path = GameStoreSwiftUI;
			sourceTree = "<group>";
		};
		FE9E228E253215D100F887AA /* Preview Content */ = {
			isa = PBXGroup;
			children = (
				FE9E228F253215D100F887AA /* Preview Assets.xcassets */,
			);
			path = "Preview Content";
			sourceTree = "<group>";
		};
		FE9E229A253215D800F887AA /* Views */ = {
			isa = PBXGroup;
			children = (
				FE9E2291253215D100F887AA /* LaunchScreen.storyboard */,
				FE9E228A253215D000F887AA /* ContentView.swift */,
				FE2E05842532167300652167 /* ExpandBottom.swift */,
				FE2E05862532168F00652167 /* ExpandView.swift */,
				FE2E0588253216AF00652167 /* bottomView.swift */,
				FE2E058A253216CB00652167 /* middleView.swift */,
				FE2E058C253216E600652167 /* Home.swift */,
			);
			path = Views;
			sourceTree = "<group>";
		};
		FE9E229B253215DB00F887AA /* Models */ = {
			isa = PBXGroup;
			children = (
				FE2E05822532163500652167 /* type.swift */,
			);
			path = Models;
			sourceTree = "<group>";
		};
		FE9E229C253215E000F887AA /* Application */ = {
			isa = PBXGroup;
			children = (
				FE9E2286253215D000F887AA /* AppDelegate.swift */,
				FE9E2288253215D000F887AA /* SceneDelegate.swift */,
				FE9E2294253215D100F887AA /* Info.plist */,
			);
			path = Application;
			sourceTree = "<group>";
		};
/* End PBXGroup section */

/* Begin PBXNativeTarget section */
		FE9E2282253215D000F887AA /* GameStoreSwiftUI */ = {
			isa = PBXNativeTarget;
			buildConfigurationList = FE9E2297253215D100F887AA /* Build configuration list for PBXNativeTarget "GameStoreSwiftUI" */;
			buildPhases = (
				FE9E227F253215D000F887AA /* Sources */,
				FE9E2280253215D000F887AA /* Frameworks */,
				FE9E2281253215D000F887AA /* Resources */,
			);
			buildRules = (
			);
			dependencies = (
			);
			name = GameStoreSwiftUI;
			productName = GameStoreSwiftUI;
			productReference = FE9E2283253215D000F887AA /* GameStoreSwiftUI.app */;
			productType = "com.apple.product-type.application";
		};
/* End PBXNativeTarget section */

/* Begin PBXProject section */
		FE9E227B253215D000F887AA /* Project object */ = {
			isa = PBXProject;
			attributes = {
				LastSwiftUpdateCheck = 1130;
				LastUpgradeCheck = 1130;
				ORGANIZATIONNAME = Tarokh;
				TargetAttributes = {
					FE9E2282253215D000F887AA = {
						CreatedOnToolsVersion = 11.3.1;
					};
				};
			};
			buildConfigurationList = FE9E227E253215D000F887AA /* Build configuration list for PBXProject "GameStoreSwiftUI" */;
			compatibilityVersion = "Xcode 9.3";
			developmentRegion = en;
			hasScannedForEncodings = 0;
			knownRegions = (
				en,
				Base,
			);
			mainGroup = FE9E227A253215D000F887AA;
			productRefGroup = FE9E2284253215D000F887AA /* Products */;
			projectDirPath = "";
			projectRoot = "";
			targets = (
				FE9E2282253215D000F887AA /* GameStoreSwiftUI */,
			);
		};
/* End PBXProject section */

/* Begin PBXResourcesBuildPhase section */
		FE9E2281253215D000F887AA /* Resources */ = {
			isa = PBXResourcesBuildPhase;
			buildActionMask = 2147483647;
			files = (
				FE9E2293253215D100F887AA /* LaunchScreen.storyboard in Resources */,
				FE9E2290253215D100F887AA /* Preview Assets.xcassets in Resources */,
				FE9E228D253215D100F887AA /* Assets.xcassets in Resources */,
			);
			runOnlyForDeploymentPostprocessing = 0;
		};
/* End PBXResourcesBuildPhase section */

/* Begin PBXSourcesBuildPhase section */
		FE9E227F253215D000F887AA /* Sources */ = {
			isa = PBXSourcesBuildPhase;
			buildActionMask = 2147483647;
			files = (
				FE9E2287253215D000F887AA /* AppDelegate.swift in Sources */,
				FE2E0589253216AF00652167 /* bottomView.swift in Sources */,
				FE9E2289253215D000F887AA /* SceneDelegate.swift in Sources */,
				FE2E05872532168F00652167 /* ExpandView.swift in Sources */,
				FE2E058D253216E600652167 /* Home.swift in Sources */,
				FE9E228B253215D000F887AA /* ContentView.swift in Sources */,
				FE2E058B253216CB00652167 /* middleView.swift in Sources */,
				FE2E05832532163500652167 /* type.swift in Sources */,
				FE2E05852532167300652167 /* ExpandBottom.swift in Sources */,
			);
			runOnlyForDeploymentPostprocessing = 0;
		};
/* End PBXSourcesBuildPhase section */

/* Begin PBXVariantGroup section */
		FE9E2291253215D100F887AA /* LaunchScreen.storyboard */ = {
			isa = PBXVariantGroup;
			children = (
				FE9E2292253215D100F887AA /* Base */,
			);
			name = LaunchScreen.storyboard;
			sourceTree = "<group>";
		};
/* End PBXVariantGroup section */

/* Begin XCBuildConfiguration section */
		FE9E2295253215D100F887AA /* Debug */ = {
			isa = XCBuildConfiguration;
			buildSettings = {
				ALWAYS_SEARCH_USER_PATHS = NO;
				CLANG_ANALYZER_NONNULL = YES;
				CLANG_ANALYZER_NUMBER_OBJECT_CONVERSION = YES_AGGRESSIVE;
				CLANG_CXX_LANGUAGE_STANDARD = "gnu++14";
				CLANG_CXX_LIBRARY = "libc++";
				CLANG_ENABLE_MODULES = YES;
				CLANG_ENABLE_OBJC_ARC = YES;
				CLANG_ENABLE_OBJC_WEAK = YES;
				CLANG_WARN_BLOCK_CAPTURE_AUTORELEASING = YES;
				CLANG_WARN_BOOL_CONVERSION = YES;
				CLANG_WARN_COMMA = YES;
				CLANG_WARN_CONSTANT_CONVERSION = YES;
				CLANG_WARN_DEPRECATED_OBJC_IMPLEMENTATIONS = YES;
				CLANG_WARN_DIRECT_OBJC_ISA_USAGE = YES_ERROR;
				CLANG_WARN_DOCUMENTATION_COMMENTS = YES;
				CLANG_WARN_EMPTY_BODY = YES;
				CLANG_WARN_ENUM_CONVERSION = YES;
				CLANG_WARN_INFINITE_RECURSION = YES;
				CLANG_WARN_INT_CONVERSION = YES;
				CLANG_WARN_NON_LITERAL_NULL_CONVERSION = YES;
				CLANG_WARN_OBJC_IMPLICIT_RETAIN_SELF = YES;
				CLANG_WARN_OBJC_LITERAL_CONVERSION = YES;
				CLANG_WARN_OBJC_ROOT_CLASS = YES_ERROR;
				CLANG_WARN_RANGE_LOOP_ANALYSIS = YES;
				CLANG_WARN_STRICT_PROTOTYPES = YES;
				CLANG_WARN_SUSPICIOUS_MOVE = YES;
				CLANG_WARN_UNGUARDED_AVAILABILITY = YES_AGGRESSIVE;
				CLANG_WARN_UNREACHABLE_CODE = YES;
				CLANG_WARN__DUPLICATE_METHOD_MATCH = YES;
				COPY_PHASE_STRIP = NO;
				DEBUG_INFORMATION_FORMAT = dwarf;
				ENABLE_STRICT_OBJC_MSGSEND = YES;
				ENABLE_TESTABILITY = YES;
				GCC_C_LANGUAGE_STANDARD = gnu11;
				GCC_DYNAMIC_NO_PIC = NO;
				GCC_NO_COMMON_BLOCKS = YES;
				GCC_OPTIMIZATION_LEVEL = 0;
				GCC_PREPROCESSOR_DEFINITIONS = (
					"DEBUG=1",
					"$(inherited)",
				);
				GCC_WARN_64_TO_32_BIT_CONVERSION = YES;
				GCC_WARN_ABOUT_RETURN_TYPE = YES_ERROR;
				GCC_WARN_UNDECLARED_SELECTOR = YES;
				GCC_WARN_UNINITIALIZED_AUTOS = YES_AGGRESSIVE;
				GCC_WARN_UNUSED_FUNCTION = YES;
				GCC_WARN_UNUSED_VARIABLE = YES;
				IPHONEOS_DEPLOYMENT_TARGET = 13.2;
				MTL_ENABLE_DEBUG_INFO = INCLUDE_SOURCE;
				MTL_FAST_MATH = YES;
				ONLY_ACTIVE_ARCH = YES;
				SDKROOT = iphoneos;
				SWIFT_ACTIVE_COMPILATION_CONDITIONS = DEBUG;
				SWIFT_OPTIMIZATION_LEVEL = "-Onone";
			};
			name = Debug;
		};
		FE9E2296253215D100F887AA /* Release */ = {
			isa = XCBuildConfiguration;
			buildSettings = {
				ALWAYS_SEARCH_USER_PATHS = NO;
				CLANG_ANALYZER_NONNULL = YES;
				CLANG_ANALYZER_NUMBER_OBJECT_CONVERSION = YES_AGGRESSIVE;
				CLANG_CXX_LANGUAGE_STANDARD = "gnu++14";
				CLANG_CXX_LIBRARY = "libc++";
				CLANG_ENABLE_MODULES = YES;
				CLANG_ENABLE_OBJC_ARC = YES;
				CLANG_ENABLE_OBJC_WEAK = YES;
				CLANG_WARN_BLOCK_CAPTURE_AUTORELEASING = YES;
				CLANG_WARN_BOOL_CONVERSION = YES;
				CLANG_WARN_COMMA = YES;
				CLANG_WARN_CONSTANT_CONVERSION = YES;
				CLANG_WARN_DEPRECATED_OBJC_IMPLEMENTATIONS = YES;
				CLANG_WARN_DIRECT_OBJC_ISA_USAGE = YES_ERROR;
				CLANG_WARN_DOCUMENTATION_COMMENTS = YES;
				CLANG_WARN_EMPTY_BODY = YES;
				CLANG_WARN_ENUM_CONVERSION = YES;
				CLANG_WARN_INFINITE_RECURSION = YES;
				CLANG_WARN_INT_CONVERSION = YES;
				CLANG_WARN_NON_LITERAL_NULL_CONVERSION = YES;
				CLANG_WARN_OBJC_IMPLICIT_RETAIN_SELF = YES;
				CLANG_WARN_OBJC_LITERAL_CONVERSION = YES;
				CLANG_WARN_OBJC_ROOT_CLASS = YES_ERROR;
				CLANG_WARN_RANGE_LOOP_ANALYSIS = YES;
				CLANG_WARN_STRICT_PROTOTYPES = YES;
				CLANG_WARN_SUSPICIOUS_MOVE = YES;
				CLANG_WARN_UNGUARDED_AVAILABILITY = YES_AGGRESSIVE;
				CLANG_WARN_UNREACHABLE_CODE = YES;
				CLANG_WARN__DUPLICATE_METHOD_MATCH = YES;
				COPY_PHASE_STRIP = NO;
				DEBUG_INFORMATION_FORMAT = "dwarf-with-dsym";
				ENABLE_NS_ASSERTIONS = NO;
				ENABLE_STRICT_OBJC_MSGSEND = YES;
				GCC_C_LANGUAGE_STANDARD = gnu11;
				GCC_NO_COMMON_BLOCKS = YES;
				GCC_WARN_64_TO_32_BIT_CONVERSION = YES;
				GCC_WARN_ABOUT_RETURN_TYPE = YES_ERROR;
				GCC_WARN_UNDECLARED_SELECTOR = YES;
				GCC_WARN_UNINITIALIZED_AUTOS = YES_AGGRESSIVE;
				GCC_WARN_UNUSED_FUNCTION = YES;
				GCC_WARN_UNUSED_VARIABLE = YES;
				IPHONEOS_DEPLOYMENT_TARGET = 13.2;
				MTL_ENABLE_DEBUG_INFO = NO;
				MTL_FAST_MATH = YES;
				SDKROOT = iphoneos;
				SWIFT_COMPILATION_MODE = wholemodule;
				SWIFT_OPTIMIZATION_LEVEL = "-O";
				VALIDATE_PRODUCT = YES;
			};
			name = Release;
		};
		FE9E2298253215D100F887AA /* Debug */ = {
			isa = XCBuildConfiguration;
			buildSettings = {
				ASSETCATALOG_COMPILER_APPICON_NAME = AppIcon;
				CODE_SIGN_STYLE = Automatic;
				DEVELOPMENT_ASSET_PATHS = "\"GameStoreSwiftUI/Preview Content\"";
				DEVELOPMENT_TEAM = BCBPPBQAT3;
				ENABLE_PREVIEWS = YES;
				INFOPLIST_FILE = "$(SRCROOT)/GameStoreSwiftUI/Application/Info.plist";
				LD_RUNPATH_SEARCH_PATHS = (
					"$(inherited)",
					"@executable_path/Frameworks",
				);
				PRODUCT_BUNDLE_IDENTIFIER = TAROKH.GameStoreSwiftUI;
				PRODUCT_NAME = "$(TARGET_NAME)";
				SWIFT_VERSION = 5.0;
				TARGETED_DEVICE_FAMILY = "1,2";
			};
			name = Debug;
		};
		FE9E2299253215D100F887AA /* Release */ = {
			isa = XCBuildConfiguration;
			buildSettings = {
				ASSETCATALOG_COMPILER_APPICON_NAME = AppIcon;
				CODE_SIGN_STYLE = Automatic;
				DEVELOPMENT_ASSET_PATHS = "\"GameStoreSwiftUI/Preview Content\"";
				DEVELOPMENT_TEAM = BCBPPBQAT3;
				ENABLE_PREVIEWS = YES;
				INFOPLIST_FILE = "$(SRCROOT)/GameStoreSwiftUI/Application/Info.plist";
				LD_RUNPATH_SEARCH_PATHS = (
					"$(inherited)",
					"@executable_path/Frameworks",
				);
				PRODUCT_BUNDLE_IDENTIFIER = TAROKH.GameStoreSwiftUI;
				PRODUCT_NAME = "$(TARGET_NAME)";
				SWIFT_VERSION = 5.0;
				TARGETED_DEVICE_FAMILY = "1,2";
			};
			name = Release;
		};
/* End XCBuildConfiguration section */

/* Begin XCConfigurationList section */
		FE9E227E253215D000F887AA /* Build configuration list for PBXProject "GameStoreSwiftUI" */ = {
			isa = XCConfigurationList;
			buildConfigurations = (
				FE9E2295253215D100F887AA /* Debug */,
				FE9E2296253215D100F887AA /* Release */,
			);
			defaultConfigurationIsVisible = 0;
			defaultConfigurationName = Release;
		};
		FE9E2297253215D100F887AA /* Build configuration list for PBXNativeTarget "GameStoreSwiftUI" */ = {
			isa = XCConfigurationList;
			buildConfigurations = (
				FE9E2298253215D100F887AA /* Debug */,
				FE9E2299253215D100F887AA /* Release */,
			);
			defaultConfigurationIsVisible = 0;
			defaultConfigurationName = Release;
		};
/* End XCConfigurationList section */
	};
	rootObject = FE9E227B253215D000F887AA /* Project object */;
}
